
Microsoft Visual Studio Solution File, Format Version 12.00
Project("{FAE04EC0-301F-11D3-BF4B-00C04F79EFBC}") = "Bacchus", "Bacchus\Bacchus.csproj", "{76CF2C96-9DB2-4631-BD05-6A87999E429F}"
EndProject
Project("{FAE04EC0-301F-11D3-BF4B-00C04F79EFBC}") = "Domain", "Domain\Domain.csproj", "{0D164243-4D69-4EC2-8D5E-F24EE3434D32}"
EndProject
Project("{FAE04EC0-301F-11D3-BF4B-00C04F79EFBC}") = "Repositories", "Repositories\Repositories.csproj", "{5F2259E7-5378-4E53-8875-48C48AC530DE}"
EndProject
Global
	GlobalSection(SolutionConfigurationPlatforms) = preSolution
		Debug|Any CPU = Debug|Any CPU
		Release|Any CPU = Release|Any CPU
	EndGlobalSection
	GlobalSection(ProjectConfigurationPlatforms) = postSolution
		{76CF2C96-9DB2-4631-BD05-6A87999E429F}.Debug|Any CPU.ActiveCfg = Debug|Any CPU
		{76CF2C96-9DB2-4631-BD05-6A87999E429F}.Debug|Any CPU.Build.0 = Debug|Any CPU
		{76CF2C96-9DB2-4631-BD05-6A87999E429F}.Release|Any CPU.ActiveCfg = Release|Any CPU
		{76CF2C96-9DB2-4631-BD05-6A87999E429F}.Release|Any CPU.Build.0 = Release|Any CPU
		{0D164243-4D69-4EC2-8D5E-F24EE3434D32}.Debug|Any CPU.ActiveCfg = Debug|Any CPU
		{0D164243-4D69-4EC2-8D5E-F24EE3434D32}.Debug|Any CPU.Build.0 = Debug|Any CPU
		{0D164243-4D69-4EC2-8D5E-F24EE3434D32}.Release|Any CPU.ActiveCfg = Release|Any CPU
		{0D164243-4D69-4EC2-8D5E-F24EE3434D32}.Release|Any CPU.Build.0 = Release|Any CPU
		{5F2259E7-5378-4E53-8875-48C48AC530DE}.Debug|Any CPU.ActiveCfg = Debug|Any CPU
		{5F2259E7-5378-4E53-8875-48C48AC530DE}.Debug|Any CPU.Build.0 = Debug|Any CPU
		{5F2259E7-5378-4E53-8875-48C48AC530DE}.Release|Any CPU.ActiveCfg = Release|Any CPU
		{5F2259E7-5378-4E53-8875-48C48AC530DE}.Release|Any CPU.Build.0 = Release|Any CPU
	EndGlobalSection
EndGlobal
